
Microsoft Visual Studio Solution File, Format Version 12.00
# Visual Studio Version 16
VisualStudioVersion = 16.0.29911.84
MinimumVisualStudioVersion = 10.0.40219.1
Project("{FAE04EC0-301F-11D3-BF4B-00C04F79EFBC}") = "CarReportSystem", "CarReportSystem\CarReportSystem.csproj", "{A1AC2430-BB0C-4A97-BEC3-C270D7147993}"
EndProject
Global
	GlobalSection(SolutionConfigurationPlatforms) = preSolution
		Debug|Any CPU = Debug|Any CPU
		Release|Any CPU = Release|Any CPU
	EndGlobalSection
	GlobalSection(ProjectConfigurationPlatforms) = postSolution
		{A1AC2430-BB0C-4A97-BEC3-C270D7147993}.Debug|Any CPU.ActiveCfg = Debug|Any CPU
		{A1AC2430-BB0C-4A97-BEC3-C270D7147993}.Debug|Any CPU.Build.0 = Debug|Any CPU
		{A1AC2430-BB0C-4A97-BEC3-C270D7147993}.Release|Any CPU.ActiveCfg = Release|Any CPU
		{A1AC2430-BB0C-4A97-BEC3-C270D7147993}.Release|Any CPU.Build.0 = Release|Any CPU
	EndGlobalSection
	GlobalSection(SolutionProperties) = preSolution
		HideSolutionNode = FALSE
	EndGlobalSection
	GlobalSection(ExtensibilityGlobals) = postSolution
		SolutionGuid = {8163E546-D584-436D-B877-22F789BAA79F}
	EndGlobalSection
EndGlobal
